
Microsoft Visual Studio Solution File, Format Version 12.00
# Visual Studio Version 17
VisualStudioVersion = 17.10.35013.160
MinimumVisualStudioVersion = 10.0.40219.1
Project("{FAE04EC0-301F-11D3-BF4B-00C04F79EFBC}") = "cinema", "cinema\cinema.csproj", "{C900D5E4-F7B1-4674-92B0-E5A8ED46EF39}"
EndProject
Global
	GlobalSection(SolutionConfigurationPlatforms) = preSolution
		Debug|Any CPU = Debug|Any CPU
		Release|Any CPU = Release|Any CPU
	EndGlobalSection
	GlobalSection(ProjectConfigurationPlatforms) = postSolution
		{C900D5E4-F7B1-4674-92B0-E5A8ED46EF39}.Debug|Any CPU.ActiveCfg = Debug|Any CPU
		{C900D5E4-F7B1-4674-92B0-E5A8ED46EF39}.Debug|Any CPU.Build.0 = Debug|Any CPU
		{C900D5E4-F7B1-4674-92B0-E5A8ED46EF39}.Release|Any CPU.ActiveCfg = Release|Any CPU
		{C900D5E4-F7B1-4674-92B0-E5A8ED46EF39}.Release|Any CPU.Build.0 = Release|Any CPU
	EndGlobalSection
	GlobalSection(SolutionProperties) = preSolution
		HideSolutionNode = FALSE
	EndGlobalSection
	GlobalSection(ExtensibilityGlobals) = postSolution
		SolutionGuid = {37D0FFFB-6350-42CE-90EB-A6DC8D72A2A0}
	EndGlobalSection
EndGlobal
